{
  "name": "dim-native-git-service-image",
  "lockfileVersion": 3,
  "requires": true,
  "packages": {
    "": {
      "name": "dim-native-git-service-image",
      "dependencies": {
        "yaml": "2.8.3",
        "zod": "4.1.11"
      }
    },
    "node_modules/yaml": {
      "version": "2.8.3",
      "resolved": "https://registry.npmjs.org/yaml/-/yaml-2.8.3.tgz",
      "integrity": "sha512-AvbaCLOO2Otw/lW5bmh9d/WEdcDFdQp2Z2ZUH3pX9U2ihyUY0nvLv7J6TrWowklRGPYbB/IuIMfYgxaCPg5Bpg==",
      "license": "ISC",
      "bin": {
        "yaml": "bin.mjs"
      },
      "engines": {
        "node": ">= 14.6"
      },
      "funding": {
        "url": "https://github.com/sponsors/eemeli"
      }
    },
    "node_modules/zod": {
      "version": "4.1.11",
      "resolved": "https://registry.npmjs.org/zod/-/zod-4.1.11.tgz",
      "integrity": "sha512-WPsqwxITS2tzx1bzhIKsEs19ABD5vmCVa4xBo2tq/SrV4RNZtfws1EnCWQXM6yh8bD08a1idvkB5MZSBiZsjwg==",
      "license": "MIT",
      "funding": {
        "url": "https://github.com/sponsors/colinhacks"
      }
    }
  }
}
