lockfileVersion: '9.0'

settings:
  autoInstallPeers: true
  excludeLinksFromLockfile: false

importers:

  .: {}

  packages/cli:
    dependencies:
      '@slop-lab/dim-core':
        specifier: workspace:0.8.0
        version: link:../core
      commander:
        specifier: 14.0.0
        version: 14.0.0
    devDependencies:
      '@types/node':
        specifier: 24.13.3
        version: 24.13.3
      package.json-minifier:
        specifier: 0.0.6
        version: 0.0.6
      typescript:
        specifier: 5.8.3
        version: 5.8.3

  packages/contracts/external-url:
    devDependencies:
      '@types/node':
        specifier: 24.13.3
        version: 24.13.3
      package.json-minifier:
        specifier: 0.0.6
        version: 0.0.6
      typescript:
        specifier: 5.8.3
        version: 5.8.3

  packages/controller-proxy:
    devDependencies:
      '@types/node':
        specifier: 24.13.3
        version: 24.13.3
      package.json-minifier:
        specifier: 0.0.6
        version: 0.0.6
      typescript:
        specifier: 5.8.3
        version: 5.8.3

  packages/core:
    dependencies:
      yaml:
        specifier: 2.8.3
        version: 2.8.3
    devDependencies:
      '@types/node':
        specifier: 24.13.3
        version: 24.13.3
      package.json-minifier:
        specifier: 0.0.6
        version: 0.0.6
      typescript:
        specifier: 5.8.3
        version: 5.8.3

  packages/installer:
    devDependencies:
      '@types/node':
        specifier: 24.13.3
        version: 24.13.3
      package.json-minifier:
        specifier: 0.0.6
        version: 0.0.6
      typescript:
        specifier: 5.8.3
        version: 5.8.3

packages:

  '@types/node@24.13.3':
    resolution: {integrity: sha512-Dh8vAsV36ig5wa9OX4pXvMc9D3Veibfw2wix0CUwYODLD8nkj9UsLjASr49nPg+2eKzxhBV+v7L8pXvT4e639Q==}

  commander@14.0.0:
    resolution: {integrity: sha512-2uM9rYjPvyq39NwLRqaiLtWHyDC1FvryJDa2ATTVims5YAS4PupsEQsDvP14FqhFr0P49CYDugi59xaxJlTXRA==}
    engines: {node: '>=20'}

  package.json-minifier@0.0.6:
    resolution: {integrity: sha512-exxM3mV0MwjPgDDCC1W7C2ccyYiud/x86yUfVGA8A+/sqd+N44kSJqGM5YIzTsIwiF1m2aNQ4bEhnoEdUwb3vA==}
    hasBin: true

  typescript@5.8.3:
    resolution: {integrity: sha512-p1diW6TqL9L07nNxvRMM7hMMw4c5XOo/1ibL4aAIGmSAt9slTE1Xgw5KWuof2uTOvCg9BY7ZRi+GaF+7sfgPeQ==}
    engines: {node: '>=14.17'}
    hasBin: true

  undici-types@7.18.2:
    resolution: {integrity: sha512-AsuCzffGHJybSaRrmr5eHr81mwJU3kjw6M+uprWvCXiNeN9SOGwQ3Jn8jb8m3Z6izVgknn1R0FTCEAP2QrLY/w==}

  yaml@2.8.3:
    resolution: {integrity: sha512-AvbaCLOO2Otw/lW5bmh9d/WEdcDFdQp2Z2ZUH3pX9U2ihyUY0nvLv7J6TrWowklRGPYbB/IuIMfYgxaCPg5Bpg==}
    engines: {node: '>= 14.6'}
    hasBin: true

snapshots:

  '@types/node@24.13.3':
    dependencies:
      undici-types: 7.18.2

  commander@14.0.0: {}

  package.json-minifier@0.0.6: {}

  typescript@5.8.3: {}

  undici-types@7.18.2: {}

  yaml@2.8.3: {}
